
Microsoft Visual Studio Solution File, Format Version 12.00
# Visual Studio Version 17
VisualStudioVersion = 17.14.36301.6 d17.14
MinimumVisualStudioVersion = 10.0.40219.1
Project("{FAE04EC0-301F-11D3-BF4B-00C04F79EFBC}") = "DMS.Presentation", "DMS.Presentation\DMS.Presentation.csproj", "{FF838ED8-8682-4EB9-98D5-1439D6093CAA}"
EndProject
Project("{FAE04EC0-301F-11D3-BF4B-00C04F79EFBC}") = "DMS.Domain", "DMS.Domain\DMS.Domain.csproj", "{A019FD8B-0F1C-42E3-9C0F-CEB65516963C}"
EndProject
Project("{FAE04EC0-301F-11D3-BF4B-00C04F79EFBC}") = "DMS.Infrastructure", "DMS.Infrastructure\DMS.Infrastructure.csproj", "{D8CF20B1-A19D-4883-BF06-40F9E45B276F}"
EndProject
Project("{FAE04EC0-301F-11D3-BF4B-00C04F79EFBC}") = "DMS.Service", "DMS.Service\DMS.Service.csproj", "{EEB374AA-6092-475E-9853-73FDDD7A3567}"
EndProject
Global
	GlobalSection(SolutionConfigurationPlatforms) = preSolution
		Debug|Any CPU = Debug|Any CPU
		Release|Any CPU = Release|Any CPU
	EndGlobalSection
	GlobalSection(ProjectConfigurationPlatforms) = postSolution
		{FF838ED8-8682-4EB9-98D5-1439D6093CAA}.Debug|Any CPU.ActiveCfg = Debug|Any CPU
		{FF838ED8-8682-4EB9-98D5-1439D6093CAA}.Debug|Any CPU.Build.0 = Debug|Any CPU
		{FF838ED8-8682-4EB9-98D5-1439D6093CAA}.Release|Any CPU.ActiveCfg = Release|Any CPU
		{FF838ED8-8682-4EB9-98D5-1439D6093CAA}.Release|Any CPU.Build.0 = Release|Any CPU
		{A019FD8B-0F1C-42E3-9C0F-CEB65516963C}.Debug|Any CPU.ActiveCfg = Debug|Any CPU
		{A019FD8B-0F1C-42E3-9C0F-CEB65516963C}.Debug|Any CPU.Build.0 = Debug|Any CPU
		{A019FD8B-0F1C-42E3-9C0F-CEB65516963C}.Release|Any CPU.ActiveCfg = Release|Any CPU
		{A019FD8B-0F1C-42E3-9C0F-CEB65516963C}.Release|Any CPU.Build.0 = Release|Any CPU
		{D8CF20B1-A19D-4883-BF06-40F9E45B276F}.Debug|Any CPU.ActiveCfg = Debug|Any CPU
		{D8CF20B1-A19D-4883-BF06-40F9E45B276F}.Debug|Any CPU.Build.0 = Debug|Any CPU
		{D8CF20B1-A19D-4883-BF06-40F9E45B276F}.Release|Any CPU.ActiveCfg = Release|Any CPU
		{D8CF20B1-A19D-4883-BF06-40F9E45B276F}.Release|Any CPU.Build.0 = Release|Any CPU
		{EEB374AA-6092-475E-9853-73FDDD7A3567}.Debug|Any CPU.ActiveCfg = Debug|Any CPU
		{EEB374AA-6092-475E-9853-73FDDD7A3567}.Debug|Any CPU.Build.0 = Debug|Any CPU
		{EEB374AA-6092-475E-9853-73FDDD7A3567}.Release|Any CPU.ActiveCfg = Release|Any CPU
		{EEB374AA-6092-475E-9853-73FDDD7A3567}.Release|Any CPU.Build.0 = Release|Any CPU
	EndGlobalSection
	GlobalSection(SolutionProperties) = preSolution
		HideSolutionNode = FALSE
	EndGlobalSection
	GlobalSection(ExtensibilityGlobals) = postSolution
		SolutionGuid = {BEF2F9CE-1636-4EAD-8836-42A1B3D820D7}
	EndGlobalSection
EndGlobal
